
Microsoft Visual Studio Solution File, Format Version 12.00
# Visual Studio Version 16
VisualStudioVersion = 16.0.32106.194
MinimumVisualStudioVersion = 10.0.40219.1
Project("{FAE04EC0-301F-11D3-BF4B-00C04F79EFBC}") = "ComputerAverageApp", "ComputerAverageApp.csproj", "{A42D7DDC-8A40-43AC-8A97-F4E0A3E6C4FA}"
EndProject
Global
	GlobalSection(SolutionConfigurationPlatforms) = preSolution
		Debug|Any CPU = Debug|Any CPU
		Release|Any CPU = Release|Any CPU
	EndGlobalSection
	GlobalSection(ProjectConfigurationPlatforms) = postSolution
		{A42D7DDC-8A40-43AC-8A97-F4E0A3E6C4FA}.Debug|Any CPU.ActiveCfg = Debug|Any CPU
		{A42D7DDC-8A40-43AC-8A97-F4E0A3E6C4FA}.Debug|Any CPU.Build.0 = Debug|Any CPU
		{A42D7DDC-8A40-43AC-8A97-F4E0A3E6C4FA}.Release|Any CPU.ActiveCfg = Release|Any CPU
		{A42D7DDC-8A40-43AC-8A97-F4E0A3E6C4FA}.Release|Any CPU.Build.0 = Release|Any CPU
	EndGlobalSection
	GlobalSection(SolutionProperties) = preSolution
		HideSolutionNode = FALSE
	EndGlobalSection
	GlobalSection(ExtensibilityGlobals) = postSolution
		SolutionGuid = {70AC0014-6C06-4F2C-806E-75729838B694}
	EndGlobalSection
EndGlobal
