
Microsoft Visual Studio Solution File, Format Version 12.00
# Visual Studio Version 17
VisualStudioVersion = 17.4.33213.308
MinimumVisualStudioVersion = 10.0.40219.1
Project("{FAE04EC0-301F-11D3-BF4B-00C04F79EFBC}") = "LINQ", "LINQ\LINQ.csproj", "{DA44948E-DCB2-4D76-B043-6196779C4CD0}"
EndProject
Global
	GlobalSection(SolutionConfigurationPlatforms) = preSolution
		Debug|Any CPU = Debug|Any CPU
		Release|Any CPU = Release|Any CPU
	EndGlobalSection
	GlobalSection(ProjectConfigurationPlatforms) = postSolution
		{DA44948E-DCB2-4D76-B043-6196779C4CD0}.Debug|Any CPU.ActiveCfg = Debug|Any CPU
		{DA44948E-DCB2-4D76-B043-6196779C4CD0}.Debug|Any CPU.Build.0 = Debug|Any CPU
		{DA44948E-DCB2-4D76-B043-6196779C4CD0}.Release|Any CPU.ActiveCfg = Release|Any CPU
		{DA44948E-DCB2-4D76-B043-6196779C4CD0}.Release|Any CPU.Build.0 = Release|Any CPU
	EndGlobalSection
	GlobalSection(SolutionProperties) = preSolution
		HideSolutionNode = FALSE
	EndGlobalSection
	GlobalSection(ExtensibilityGlobals) = postSolution
		SolutionGuid = {5C8C7DEE-13DB-4A46-8476-C181903066C0}
	EndGlobalSection
EndGlobal
